// !$*UTF8*$!
{
	archiveVersion = 1;
	classes = {
	};
	objectVersion = 56;
	objects = {

/* Begin PBXBuildFile section */
		27A36D3729C204550071AA70 /* AppDelegate.swift in Sources */ = {isa = PBXBuildFile; fileRef = 27A36D3629C204550071AA70 /* AppDelegate.swift */; };
		27A36D3929C204550071AA70 /* SceneDelegate.swift in Sources */ = {isa = PBXBuildFile; fileRef = 27A36D3829C204550071AA70 /* SceneDelegate.swift */; };
		27A36D3B29C204550071AA70 /* ViewController.swift in Sources */ = {isa = PBXBuildFile; fileRef = 27A36D3A29C204550071AA70 /* ViewController.swift */; };
		27A36D3E29C204550071AA70 /* Main.storyboard in Resources */ = {isa = PBXBuildFile; fileRef = 27A36D3C29C204550071AA70 /* Main.storyboard */; };
		27A36D4029C204560071AA70 /* Assets.xcassets in Resources */ = {isa = PBXBuildFile; fileRef = 27A36D3F29C204560071AA70 /* Assets.xcassets */; };
		27A36D4329C204560071AA70 /* LaunchScreen.storyboard in Resources */ = {isa = PBXBuildFile; fileRef = 27A36D4129C204560071AA70 /* LaunchScreen.storyboard */; };
		27A36D4E29C204560071AA70 /* RoomBoardTests.swift in Sources */ = {isa = PBXBuildFile; fileRef = 27A36D4D29C204560071AA70 /* RoomBoardTests.swift */; };
		27A36D5829C204560071AA70 /* RoomBoardUITests.swift in Sources */ = {isa = PBXBuildFile; fileRef = 27A36D5729C204560071AA70 /* RoomBoardUITests.swift */; };
		27A36D5A29C204560071AA70 /* RoomBoardUITestsLaunchTests.swift in Sources */ = {isa = PBXBuildFile; fileRef = 27A36D5929C204560071AA70 /* RoomBoardUITestsLaunchTests.swift */; };
/* End PBXBuildFile section */

/* Begin PBXContainerItemProxy section */
		27A36D4A29C204560071AA70 /* PBXContainerItemProxy */ = {
			isa = PBXContainerItemProxy;
			containerPortal = 27A36D2B29C204550071AA70 /* Project object */;
			proxyType = 1;
			remoteGlobalIDString = 27A36D3229C204550071AA70;
			remoteInfo = RoomBoard;
		};
		27A36D5429C204560071AA70 /* PBXContainerItemProxy */ = {
			isa = PBXContainerItemProxy;
			containerPortal = 27A36D2B29C204550071AA70 /* Project object */;
			proxyType = 1;
			remoteGlobalIDString = 27A36D3229C204550071AA70;
			remoteInfo = RoomBoard;
		};
/* End PBXContainerItemProxy section */

/* Begin PBXFileReference section */
		27A36D3329C204550071AA70 /* RoomBoard.app */ = {isa = PBXFileReference; explicitFileType = wrapper.application; includeInIndex = 0; path = RoomBoard.app; sourceTree = BUILT_PRODUCTS_DIR; };
		27A36D3629C204550071AA70 /* AppDelegate.swift */ = {isa = PBXFileReference; lastKnownFileType = sourcecode.swift; path = AppDelegate.swift; sourceTree = "<group>"; };
		27A36D3829C204550071AA70 /* SceneDelegate.swift */ = {isa = PBXFileReference; lastKnownFileType = sourcecode.swift; path = SceneDelegate.swift; sourceTree = "<group>"; };
		27A36D3A29C204550071AA70 /* ViewController.swift */ = {isa = PBXFileReference; lastKnownFileType = sourcecode.swift; path = ViewController.swift; sourceTree = "<group>"; };
		27A36D3D29C204550071AA70 /* Base */ = {isa = PBXFileReference; lastKnownFileType = file.storyboard; name = Base; path = Base.lproj/Main.storyboard; sourceTree = "<group>"; };
		27A36D3F29C204560071AA70 /* Assets.xcassets */ = {isa = PBXFileReference; lastKnownFileType = folder.assetcatalog; path = Assets.xcassets; sourceTree = "<group>"; };
		27A36D4229C204560071AA70 /* Base */ = {isa = PBXFileReference; lastKnownFileType = file.storyboard; name = Base; path = Base.lproj/LaunchScreen.storyboard; sourceTree = "<group>"; };
		27A36D4429C204560071AA70 /* Info.plist */ = {isa = PBXFileReference; lastKnownFileType = text.plist.xml; path = Info.plist; sourceTree = "<group>"; };
		27A36D4929C204560071AA70 /* RoomBoardTests.xctest */ = {isa = PBXFileReference; explicitFileType = wrapper.cfbundle; includeInIndex = 0; path = RoomBoardTests.xctest; sourceTree = BUILT_PRODUCTS_DIR; };
		27A36D4D29C204560071AA70 /* RoomBoardTests.swift */ = {isa = PBXFileReference; lastKnownFileType = sourcecode.swift; path = RoomBoardTests.swift; sourceTree = "<group>"; };
		27A36D5329C204560071AA70 /* RoomBoardUITests.xctest */ = {isa = PBXFileReference; explicitFileType = wrapper.cfbundle; includeInIndex = 0; path = RoomBoardUITests.xctest; sourceTree = BUILT_PRODUCTS_DIR; };
		27A36D5729C204560071AA70 /* RoomBoardUITests.swift */ = {isa = PBXFileReference; lastKnownFileType = sourcecode.swift; path = RoomBoardUITests.swift; sourceTree = "<group>"; };
		27A36D5929C204560071AA70 /* RoomBoardUITestsLaunchTests.swift */ = {isa = PBXFileReference; lastKnownFileType = sourcecode.swift; path = RoomBoardUITestsLaunchTests.swift; sourceTree = "<group>"; };
/* End PBXFileReference section */

/* Begin PBXFrameworksBuildPhase section */
		27A36D3029C204550071AA70 /* Frameworks */ = {
			isa = PBXFrameworksBuildPhase;
			buildActionMask = 2147483647;
			files = (
			);
			runOnlyForDeploymentPostprocessing = 0;
		};
		27A36D4629C204560071AA70 /* Frameworks */ = {
			isa = PBXFrameworksBuildPhase;
			buildActionMask = 2147483647;
			files = (
			);
			runOnlyForDeploymentPostprocessing = 0;
		};
		27A36D5029C204560071AA70 /* Frameworks */ = {
			isa = PBXFrameworksBuildPhase;
			buildActionMask = 2147483647;
			files = (
			);
			runOnlyForDeploymentPostprocessing = 0;
		};
/* End PBXFrameworksBuildPhase section */

/* Begin PBXGroup section */
		27A36D2A29C204550071AA70 = {
			isa = PBXGroup;
			children = (
				27A36D3529C204550071AA70 /* RoomBoard */,
				27A36D4C29C204560071AA70 /* RoomBoardTests */,
				27A36D5629C204560071AA70 /* RoomBoardUITests */,
				27A36D3429C204550071AA70 /* Products */,
			);
			sourceTree = "<group>";
		};
		27A36D3429C204550071AA70 /* Products */ = {
			isa = PBXGroup;
			children = (
				27A36D3329C204550071AA70 /* RoomBoard.app */,
				27A36D4929C204560071AA70 /* RoomBoardTests.xctest */,
				27A36D5329C204560071AA70 /* RoomBoardUITests.xctest */,
			);
			name = Products;
			sourceTree = "<group>";
		};
		27A36D3529C204550071AA70 /* RoomBoard */ = {
			isa = PBXGroup;
			children = (
				27A36D3629C204550071AA70 /* AppDelegate.swift */,
				27A36D3829C204550071AA70 /* SceneDelegate.swift */,
				27A36D3A29C204550071AA70 /* ViewController.swift */,
				27A36D3C29C204550071AA70 /* Main.storyboard */,
				27A36D3F29C204560071AA70 /* Assets.xcassets */,
				27A36D4129C204560071AA70 /* LaunchScreen.storyboard */,
				27A36D4429C204560071AA70 /* Info.plist */,
			);
			path = RoomBoard;
			sourceTree = "<group>";
		};
		27A36D4C29C204560071AA70 /* RoomBoardTests */ = {
			isa = PBXGroup;
			children = (
				27A36D4D29C204560071AA70 /* RoomBoardTests.swift */,
			);
			path = RoomBoardTests;
			sourceTree = "<group>";
		};
		27A36D5629C204560071AA70 /* RoomBoardUITests */ = {
			isa = PBXGroup;
			children = (
				27A36D5729C204560071AA70 /* RoomBoardUITests.swift */,
				27A36D5929C204560071AA70 /* RoomBoardUITestsLaunchTests.swift */,
			);
			path = RoomBoardUITests;
			sourceTree = "<group>";
		};
/* End PBXGroup section */

/* Begin PBXNativeTarget section */
		27A36D3229C204550071AA70 /* RoomBoard */ = {
			isa = PBXNativeTarget;
			buildConfigurationList = 27A36D5D29C204560071AA70 /* Build configuration list for PBXNativeTarget "RoomBoard" */;
			buildPhases = (
				27A36D2F29C204550071AA70 /* Sources */,
				27A36D3029C204550071AA70 /* Frameworks */,
				27A36D3129C204550071AA70 /* Resources */,
			);
			buildRules = (
			);
			dependencies = (
			);
			name = RoomBoard;
			productName = RoomBoard;
			productReference = 27A36D3329C204550071AA70 /* RoomBoard.app */;
			productType = "com.apple.product-type.application";
		};
		27A36D4829C204560071AA70 /* RoomBoardTests */ = {
			isa = PBXNativeTarget;
			buildConfigurationList = 27A36D6029C204560071AA70 /* Build configuration list for PBXNativeTarget "RoomBoardTests" */;
			buildPhases = (
				27A36D4529C204560071AA70 /* Sources */,
				27A36D4629C204560071AA70 /* Frameworks */,
				27A36D4729C204560071AA70 /* Resources */,
			);
			buildRules = (
			);
			dependencies = (
				27A36D4B29C204560071AA70 /* PBXTargetDependency */,
			);
			name = RoomBoardTests;
			productName = RoomBoardTests;
			productReference = 27A36D4929C204560071AA70 /* RoomBoardTests.xctest */;
			productType = "com.apple.product-type.bundle.unit-test";
		};
		27A36D5229C204560071AA70 /* RoomBoardUITests */ = {
			isa = PBXNativeTarget;
			buildConfigurationList = 27A36D6329C204560071AA70 /* Build configuration list for PBXNativeTarget "RoomBoardUITests" */;
			buildPhases = (
				27A36D4F29C204560071AA70 /* Sources */,
				27A36D5029C204560071AA70 /* Frameworks */,
				27A36D5129C204560071AA70 /* Resources */,
			);
			buildRules = (
			);
			dependencies = (
				27A36D5529C204560071AA70 /* PBXTargetDependency */,
			);
			name = RoomBoardUITests;
			productName = RoomBoardUITests;
			productReference = 27A36D5329C204560071AA70 /* RoomBoardUITests.xctest */;
			productType = "com.apple.product-type.bundle.ui-testing";
		};
/* End PBXNativeTarget section */

/* Begin PBXProject section */
		27A36D2B29C204550071AA70 /* Project object */ = {
			isa = PBXProject;
			attributes = {
				BuildIndependentTargetsInParallel = 1;
				LastSwiftUpdateCheck = 1420;
				LastUpgradeCheck = 1420;
				TargetAttributes = {
					27A36D3229C204550071AA70 = {
						CreatedOnToolsVersion = 14.2;
					};
					27A36D4829C204560071AA70 = {
						CreatedOnToolsVersion = 14.2;
						TestTargetID = 27A36D3229C204550071AA70;
					};
					27A36D5229C204560071AA70 = {
						CreatedOnToolsVersion = 14.2;
						TestTargetID = 27A36D3229C204550071AA70;
					};
				};
			};
			buildConfigurationList = 27A36D2E29C204550071AA70 /* Build configuration list for PBXProject "RoomBoard" */;
			compatibilityVersion = "Xcode 14.0";
			developmentRegion = en;
			hasScannedForEncodings = 0;
			knownRegions = (
				en,
				Base,
			);
			mainGroup = 27A36D2A29C204550071AA70;
			productRefGroup = 27A36D3429C204550071AA70 /* Products */;
			projectDirPath = "";
			projectRoot = "";
			targets = (
				27A36D3229C204550071AA70 /* RoomBoard */,
				27A36D4829C204560071AA70 /* RoomBoardTests */,
				27A36D5229C204560071AA70 /* RoomBoardUITests */,
			);
		};
/* End PBXProject section */

/* Begin PBXResourcesBuildPhase section */
		27A36D3129C204550071AA70 /* Resources */ = {
			isa = PBXResourcesBuildPhase;
			buildActionMask = 2147483647;
			files = (
				27A36D4329C204560071AA70 /* LaunchScreen.storyboard in Resources */,
				27A36D4029C204560071AA70 /* Assets.xcassets in Resources */,
				27A36D3E29C204550071AA70 /* Main.storyboard in Resources */,
			);
			runOnlyForDeploymentPostprocessing = 0;
		};
		27A36D4729C204560071AA70 /* Resources */ = {
			isa = PBXResourcesBuildPhase;
			buildActionMask = 2147483647;
			files = (
			);
			runOnlyForDeploymentPostprocessing = 0;
		};
		27A36D5129C204560071AA70 /* Resources */ = {
			isa = PBXResourcesBuildPhase;
			buildActionMask = 2147483647;
			files = (
			);
			runOnlyForDeploymentPostprocessing = 0;
		};
/* End PBXResourcesBuildPhase section */

/* Begin PBXSourcesBuildPhase section */
		27A36D2F29C204550071AA70 /* Sources */ = {
			isa = PBXSourcesBuildPhase;
			buildActionMask = 2147483647;
			files = (
				27A36D3B29C204550071AA70 /* ViewController.swift in Sources */,
				27A36D3729C204550071AA70 /* AppDelegate.swift in Sources */,
				27A36D3929C204550071AA70 /* SceneDelegate.swift in Sources */,
			);
			runOnlyForDeploymentPostprocessing = 0;
		};
		27A36D4529C204560071AA70 /* Sources */ = {
			isa = PBXSourcesBuildPhase;
			buildActionMask = 2147483647;
			files = (
				27A36D4E29C204560071AA70 /* RoomBoardTests.swift in Sources */,
			);
			runOnlyForDeploymentPostprocessing = 0;
		};
		27A36D4F29C204560071AA70 /* Sources */ = {
			isa = PBXSourcesBuildPhase;
			buildActionMask = 2147483647;
			files = (
				27A36D5A29C204560071AA70 /* RoomBoardUITestsLaunchTests.swift in Sources */,
				27A36D5829C204560071AA70 /* RoomBoardUITests.swift in Sources */,
			);
			runOnlyForDeploymentPostprocessing = 0;
		};
/* End PBXSourcesBuildPhase section */

/* Begin PBXTargetDependency section */
		27A36D4B29C204560071AA70 /* PBXTargetDependency */ = {
			isa = PBXTargetDependency;
			target = 27A36D3229C204550071AA70 /* RoomBoard */;
			targetProxy = 27A36D4A29C204560071AA70 /* PBXContainerItemProxy */;
		};
		27A36D5529C204560071AA70 /* PBXTargetDependency */ = {
			isa = PBXTargetDependency;
			target = 27A36D3229C204550071AA70 /* RoomBoard */;
			targetProxy = 27A36D5429C204560071AA70 /* PBXContainerItemProxy */;
		};
/* End PBXTargetDependency section */

/* Begin PBXVariantGroup section */
		27A36D3C29C204550071AA70 /* Main.storyboard */ = {
			isa = PBXVariantGroup;
			children = (
				27A36D3D29C204550071AA70 /* Base */,
			);
			name = Main.storyboard;
			sourceTree = "<group>";
		};
		27A36D4129C204560071AA70 /* LaunchScreen.storyboard */ = {
			isa = PBXVariantGroup;
			children = (
				27A36D4229C204560071AA70 /* Base */,
			);
			name = LaunchScreen.storyboard;
			sourceTree = "<group>";
		};
/* End PBXVariantGroup section */

/* Begin XCBuildConfiguration section */
		27A36D5B29C204560071AA70 /* Debug */ = {
			isa = XCBuildConfiguration;
			buildSettings = {
				ALWAYS_SEARCH_USER_PATHS = NO;
				CLANG_ANALYZER_NONNULL = YES;
				CLANG_ANALYZER_NUMBER_OBJECT_CONVERSION = YES_AGGRESSIVE;
				CLANG_CXX_LANGUAGE_STANDARD = "gnu++20";
				CLANG_ENABLE_MODULES = YES;
				CLANG_ENABLE_OBJC_ARC = YES;
				CLANG_ENABLE_OBJC_WEAK = YES;
				CLANG_WARN_BLOCK_CAPTURE_AUTORELEASING = YES;
				CLANG_WARN_BOOL_CONVERSION = YES;
				CLANG_WARN_COMMA = YES;
				CLANG_WARN_CONSTANT_CONVERSION = YES;
				CLANG_WARN_DEPRECATED_OBJC_IMPLEMENTATIONS = YES;
				CLANG_WARN_DIRECT_OBJC_ISA_USAGE = YES_ERROR;
				CLANG_WARN_DOCUMENTATION_COMMENTS = YES;
				CLANG_WARN_EMPTY_BODY = YES;
				CLANG_WARN_ENUM_CONVERSION = YES;
				CLANG_WARN_INFINITE_RECURSION = YES;
				CLANG_WARN_INT_CONVERSION = YES;
				CLANG_WARN_NON_LITERAL_NULL_CONVERSION = YES;
				CLANG_WARN_OBJC_IMPLICIT_RETAIN_SELF = YES;
				CLANG_WARN_OBJC_LITERAL_CONVERSION = YES;
				CLANG_WARN_OBJC_ROOT_CLASS = YES_ERROR;
				CLANG_WARN_QUOTED_INCLUDE_IN_FRAMEWORK_HEADER = YES;
				CLANG_WARN_RANGE_LOOP_ANALYSIS = YES;
				CLANG_WARN_STRICT_PROTOTYPES = YES;
				CLANG_WARN_SUSPICIOUS_MOVE = YES;
				CLANG_WARN_UNGUARDED_AVAILABILITY = YES_AGGRESSIVE;
				CLANG_WARN_UNREACHABLE_CODE = YES;
				CLANG_WARN__DUPLICATE_METHOD_MATCH = YES;
				COPY_PHASE_STRIP = NO;
				DEBUG_INFORMATION_FORMAT = dwarf;
				ENABLE_STRICT_OBJC_MSGSEND = YES;
				ENABLE_TESTABILITY = YES;
				GCC_C_LANGUAGE_STANDARD = gnu11;
				GCC_DYNAMIC_NO_PIC = NO;
				GCC_NO_COMMON_BLOCKS = YES;
				GCC_OPTIMIZATION_LEVEL = 0;
				GCC_PREPROCESSOR_DEFINITIONS = (
					"DEBUG=1",
					"$(inherited)",
				);
				GCC_WARN_64_TO_32_BIT_CONVERSION = YES;
				GCC_WARN_ABOUT_RETURN_TYPE = YES_ERROR;
				GCC_WARN_UNDECLARED_SELECTOR = YES;
				GCC_WARN_UNINITIALIZED_AUTOS = YES_AGGRESSIVE;
				GCC_WARN_UNUSED_FUNCTION = YES;
				GCC_WARN_UNUSED_VARIABLE = YES;
				IPHONEOS_DEPLOYMENT_TARGET = 16.2;
				MTL_ENABLE_DEBUG_INFO = INCLUDE_SOURCE;
				MTL_FAST_MATH = YES;
				ONLY_ACTIVE_ARCH = YES;
				SDKROOT = iphoneos;
				SWIFT_ACTIVE_COMPILATION_CONDITIONS = DEBUG;
				SWIFT_OPTIMIZATION_LEVEL = "-Onone";
			};
			name = Debug;
		};
		27A36D5C29C204560071AA70 /* Release */ = {
			isa = XCBuildConfiguration;
			buildSettings = {
				ALWAYS_SEARCH_USER_PATHS = NO;
				CLANG_ANALYZER_NONNULL = YES;
				CLANG_ANALYZER_NUMBER_OBJECT_CONVERSION = YES_AGGRESSIVE;
				CLANG_CXX_LANGUAGE_STANDARD = "gnu++20";
				CLANG_ENABLE_MODULES = YES;
				CLANG_ENABLE_OBJC_ARC = YES;
				CLANG_ENABLE_OBJC_WEAK = YES;
				CLANG_WARN_BLOCK_CAPTURE_AUTORELEASING = YES;
				CLANG_WARN_BOOL_CONVERSION = YES;
				CLANG_WARN_COMMA = YES;
				CLANG_WARN_CONSTANT_CONVERSION = YES;
				CLANG_WARN_DEPRECATED_OBJC_IMPLEMENTATIONS = YES;
				CLANG_WARN_DIRECT_OBJC_ISA_USAGE = YES_ERROR;
				CLANG_WARN_DOCUMENTATION_COMMENTS = YES;
				CLANG_WARN_EMPTY_BODY = YES;
				CLANG_WARN_ENUM_CONVERSION = YES;
				CLANG_WARN_INFINITE_RECURSION = YES;
				CLANG_WARN_INT_CONVERSION = YES;
				CLANG_WARN_NON_LITERAL_NULL_CONVERSION = YES;
				CLANG_WARN_OBJC_IMPLICIT_RETAIN_SELF = YES;
				CLANG_WARN_OBJC_LITERAL_CONVERSION = YES;
				CLANG_WARN_OBJC_ROOT_CLASS = YES_ERROR;
				CLANG_WARN_QUOTED_INCLUDE_IN_FRAMEWORK_HEADER = YES;
				CLANG_WARN_RANGE_LOOP_ANALYSIS = YES;
				CLANG_WARN_STRICT_PROTOTYPES = YES;
				CLANG_WARN_SUSPICIOUS_MOVE = YES;
				CLANG_WARN_UNGUARDED_AVAILABILITY = YES_AGGRESSIVE;
				CLANG_WARN_UNREACHABLE_CODE = YES;
				CLANG_WARN__DUPLICATE_METHOD_MATCH = YES;
				COPY_PHASE_STRIP = NO;
				DEBUG_INFORMATION_FORMAT = "dwarf-with-dsym";
				ENABLE_NS_ASSERTIONS = NO;
				ENABLE_STRICT_OBJC_MSGSEND = YES;
				GCC_C_LANGUAGE_STANDARD = gnu11;
				GCC_NO_COMMON_BLOCKS = YES;
				GCC_WARN_64_TO_32_BIT_CONVERSION = YES;
				GCC_WARN_ABOUT_RETURN_TYPE = YES_ERROR;
				GCC_WARN_UNDECLARED_SELECTOR = YES;
				GCC_WARN_UNINITIALIZED_AUTOS = YES_AGGRESSIVE;
				GCC_WARN_UNUSED_FUNCTION = YES;
				GCC_WARN_UNUSED_VARIABLE = YES;
				IPHONEOS_DEPLOYMENT_TARGET = 16.2;
				MTL_ENABLE_DEBUG_INFO = NO;
				MTL_FAST_MATH = YES;
				SDKROOT = iphoneos;
				SWIFT_COMPILATION_MODE = wholemodule;
				SWIFT_OPTIMIZATION_LEVEL = "-O";
				VALIDATE_PRODUCT = YES;
			};
			name = Release;
		};
		27A36D5E29C204560071AA70 /* Debug */ = {
			isa = XCBuildConfiguration;
			buildSettings = {
				ASSETCATALOG_COMPILER_APPICON_NAME = AppIcon;
				ASSETCATALOG_COMPILER_GLOBAL_ACCENT_COLOR_NAME = AccentColor;
				CODE_SIGN_STYLE = Automatic;
				CURRENT_PROJECT_VERSION = 1;
				GENERATE_INFOPLIST_FILE = YES;
				INFOPLIST_FILE = RoomBoard/Info.plist;
				INFOPLIST_KEY_UIApplicationSupportsIndirectInputEvents = YES;
				INFOPLIST_KEY_UILaunchStoryboardName = LaunchScreen;
				INFOPLIST_KEY_UIMainStoryboardFile = Main;
				INFOPLIST_KEY_UISupportedInterfaceOrientations_iPad = "UIInterfaceOrientationPortrait UIInterfaceOrientationPortraitUpsideDown UIInterfaceOrientationLandscapeLeft UIInterfaceOrientationLandscapeRight";
				INFOPLIST_KEY_UISupportedInterfaceOrientations_iPhone = "UIInterfaceOrientationPortrait UIInterfaceOrientationLandscapeLeft UIInterfaceOrientationLandscapeRight";
				LD_RUNPATH_SEARCH_PATHS = (
					"$(inherited)",
					"@executable_path/Frameworks",
				);
				MARKETING_VERSION = 1.0;
				PRODUCT_BUNDLE_IDENTIFIER = tqwk.RoomBoard;
				PRODUCT_NAME = "$(TARGET_NAME)";
				SWIFT_EMIT_LOC_STRINGS = YES;
				SWIFT_VERSION = 5.0;
				TARGETED_DEVICE_FAMILY = "1,2";
			};
			name = Debug;
		};
		27A36D5F29C204560071AA70 /* Release */ = {
			isa = XCBuildConfiguration;
			buildSettings = {
				ASSETCATALOG_COMPILER_APPICON_NAME = AppIcon;
				ASSETCATALOG_COMPILER_GLOBAL_ACCENT_COLOR_NAME = AccentColor;
				CODE_SIGN_STYLE = Automatic;
				CURRENT_PROJECT_VERSION = 1;
				GENERATE_INFOPLIST_FILE = YES;
				INFOPLIST_FILE = RoomBoard/Info.plist;
				INFOPLIST_KEY_UIApplicationSupportsIndirectInputEvents = YES;
				INFOPLIST_KEY_UILaunchStoryboardName = LaunchScreen;
				INFOPLIST_KEY_UIMainStoryboardFile = Main;
				INFOPLIST_KEY_UISupportedInterfaceOrientations_iPad = "UIInterfaceOrientationPortrait UIInterfaceOrientationPortraitUpsideDown UIInterfaceOrientationLandscapeLeft UIInterfaceOrientationLandscapeRight";
				INFOPLIST_KEY_UISupportedInterfaceOrientations_iPhone = "UIInterfaceOrientationPortrait UIInterfaceOrientationLandscapeLeft UIInterfaceOrientationLandscapeRight";
				LD_RUNPATH_SEARCH_PATHS = (
					"$(inherited)",
					"@executable_path/Frameworks",
				);
				MARKETING_VERSION = 1.0;
				PRODUCT_BUNDLE_IDENTIFIER = tqwk.RoomBoard;
				PRODUCT_NAME = "$(TARGET_NAME)";
				SWIFT_EMIT_LOC_STRINGS = YES;
				SWIFT_VERSION = 5.0;
				TARGETED_DEVICE_FAMILY = "1,2";
			};
			name = Release;
		};
		27A36D6129C204560071AA70 /* Debug */ = {
			isa = XCBuildConfiguration;
			buildSettings = {
				ALWAYS_EMBED_SWIFT_STANDARD_LIBRARIES = YES;
				BUNDLE_LOADER = "$(TEST_HOST)";
				CODE_SIGN_STYLE = Automatic;
				CURRENT_PROJECT_VERSION = 1;
				GENERATE_INFOPLIST_FILE = YES;
				IPHONEOS_DEPLOYMENT_TARGET = 16.2;
				MARKETING_VERSION = 1.0;
				PRODUCT_BUNDLE_IDENTIFIER = tqwk.RoomBoardTests;
				PRODUCT_NAME = "$(TARGET_NAME)";
				SWIFT_EMIT_LOC_STRINGS = NO;
				SWIFT_VERSION = 5.0;
				TARGETED_DEVICE_FAMILY = "1,2";
				TEST_HOST = "$(BUILT_PRODUCTS_DIR)/RoomBoard.app/$(BUNDLE_EXECUTABLE_FOLDER_PATH)/RoomBoard";
			};
			name = Debug;
		};
		27A36D6229C204560071AA70 /* Release */ = {
			isa = XCBuildConfiguration;
			buildSettings = {
				ALWAYS_EMBED_SWIFT_STANDARD_LIBRARIES = YES;
				BUNDLE_LOADER = "$(TEST_HOST)";
				CODE_SIGN_STYLE = Automatic;
				CURRENT_PROJECT_VERSION = 1;
				GENERATE_INFOPLIST_FILE = YES;
				IPHONEOS_DEPLOYMENT_TARGET = 16.2;
				MARKETING_VERSION = 1.0;
				PRODUCT_BUNDLE_IDENTIFIER = tqwk.RoomBoardTests;
				PRODUCT_NAME = "$(TARGET_NAME)";
				SWIFT_EMIT_LOC_STRINGS = NO;
				SWIFT_VERSION = 5.0;
				TARGETED_DEVICE_FAMILY = "1,2";
				TEST_HOST = "$(BUILT_PRODUCTS_DIR)/RoomBoard.app/$(BUNDLE_EXECUTABLE_FOLDER_PATH)/RoomBoard";
			};
			name = Release;
		};
		27A36D6429C204560071AA70 /* Debug */ = {
			isa = XCBuildConfiguration;
			buildSettings = {
				ALWAYS_EMBED_SWIFT_STANDARD_LIBRARIES = YES;
				CODE_SIGN_STYLE = Automatic;
				CURRENT_PROJECT_VERSION = 1;
				GENERATE_INFOPLIST_FILE = YES;
				MARKETING_VERSION = 1.0;
				PRODUCT_BUNDLE_IDENTIFIER = tqwk.RoomBoardUITests;
				PRODUCT_NAME = "$(TARGET_NAME)";
				SWIFT_EMIT_LOC_STRINGS = NO;
				SWIFT_VERSION = 5.0;
				TARGETED_DEVICE_FAMILY = "1,2";
				TEST_TARGET_NAME = RoomBoard;
			};
			name = Debug;
		};
		27A36D6529C204560071AA70 /* Release */ = {
			isa = XCBuildConfiguration;
			buildSettings = {
				ALWAYS_EMBED_SWIFT_STANDARD_LIBRARIES = YES;
				CODE_SIGN_STYLE = Automatic;
				CURRENT_PROJECT_VERSION = 1;
				GENERATE_INFOPLIST_FILE = YES;
				MARKETING_VERSION = 1.0;
				PRODUCT_BUNDLE_IDENTIFIER = tqwk.RoomBoardUITests;
				PRODUCT_NAME = "$(TARGET_NAME)";
				SWIFT_EMIT_LOC_STRINGS = NO;
				SWIFT_VERSION = 5.0;
				TARGETED_DEVICE_FAMILY = "1,2";
				TEST_TARGET_NAME = RoomBoard;
			};
			name = Release;
		};
/* End XCBuildConfiguration section */

/* Begin XCConfigurationList section */
		27A36D2E29C204550071AA70 /* Build configuration list for PBXProject "RoomBoard" */ = {
			isa = XCConfigurationList;
			buildConfigurations = (
				27A36D5B29C204560071AA70 /* Debug */,
				27A36D5C29C204560071AA70 /* Release */,
			);
			defaultConfigurationIsVisible = 0;
			defaultConfigurationName = Release;
		};
		27A36D5D29C204560071AA70 /* Build configuration list for PBXNativeTarget "RoomBoard" */ = {
			isa = XCConfigurationList;
			buildConfigurations = (
				27A36D5E29C204560071AA70 /* Debug */,
				27A36D5F29C204560071AA70 /* Release */,
			);
			defaultConfigurationIsVisible = 0;
			defaultConfigurationName = Release;
		};
		27A36D6029C204560071AA70 /* Build configuration list for PBXNativeTarget "RoomBoardTests" */ = {
			isa = XCConfigurationList;
			buildConfigurations = (
				27A36D6129C204560071AA70 /* Debug */,
				27A36D6229C204560071AA70 /* Release */,
			);
			defaultConfigurationIsVisible = 0;
			defaultConfigurationName = Release;
		};
		27A36D6329C204560071AA70 /* Build configuration list for PBXNativeTarget "RoomBoardUITests" */ = {
			isa = XCConfigurationList;
			buildConfigurations = (
				27A36D6429C204560071AA70 /* Debug */,
				27A36D6529C204560071AA70 /* Release */,
			);
			defaultConfigurationIsVisible = 0;
			defaultConfigurationName = Release;
		};
/* End XCConfigurationList section */
	};
	rootObject = 27A36D2B29C204550071AA70 /* Project object */;
}
